# This file is automatically @generated by Cargo.
# It is not intended for manual editing.
[[package]]
name = "spmc"
version = "0.2.2"
source = "registry+https://github.com/rust-lang/crates.io-index"

[[package]]
name = "wc-rs"
version = "0.1.0"
dependencies = [
 "spmc 0.2.2 (registry+https://github.com/rust-lang/crates.io-index)",
]

[metadata]
"checksum spmc 0.2.2 (registry+https://github.com/rust-lang/crates.io-index)" = "cd1f11d1fb5fd41834e55ce0b85a186efbf2f2afd9fdb09e2c8d72f9bff1ad1a"
